
Microsoft Visual Studio Solution File, Format Version 12.00
# Visual Studio Version 17
VisualStudioVersion = 17.8.34316.72
MinimumVisualStudioVersion = 10.0.40219.1
Project("{9A19103F-16F7-4668-BE54-9A1E7A4F7556}") = "InventoryManagmentSystem", "InventoryManagmentSystem.csproj", "{C3B1882F-2C0A-48AE-B487-C5DDE0292F37}"
EndProject
Project("{FAE04EC0-301F-11D3-BF4B-00C04F79EFBC}") = "InventoryClassLibrary", "..\InventoryClassLibrary\InventoryClassLibrary.csproj", "{3FCFC3B7-684F-49B5-833F-B8EA1648C36A}"
EndProject
Global
	GlobalSection(SolutionConfigurationPlatforms) = preSolution
		Debug|Any CPU = Debug|Any CPU
		Release|Any CPU = Release|Any CPU
	EndGlobalSection
	GlobalSection(ProjectConfigurationPlatforms) = postSolution
		{C3B1882F-2C0A-48AE-B487-C5DDE0292F37}.Debug|Any CPU.ActiveCfg = Debug|Any CPU
		{C3B1882F-2C0A-48AE-B487-C5DDE0292F37}.Debug|Any CPU.Build.0 = Debug|Any CPU
		{C3B1882F-2C0A-48AE-B487-C5DDE0292F37}.Release|Any CPU.ActiveCfg = Release|Any CPU
		{C3B1882F-2C0A-48AE-B487-C5DDE0292F37}.Release|Any CPU.Build.0 = Release|Any CPU
		{3FCFC3B7-684F-49B5-833F-B8EA1648C36A}.Debug|Any CPU.ActiveCfg = Debug|Any CPU
		{3FCFC3B7-684F-49B5-833F-B8EA1648C36A}.Debug|Any CPU.Build.0 = Debug|Any CPU
		{3FCFC3B7-684F-49B5-833F-B8EA1648C36A}.Release|Any CPU.ActiveCfg = Release|Any CPU
		{3FCFC3B7-684F-49B5-833F-B8EA1648C36A}.Release|Any CPU.Build.0 = Release|Any CPU
	EndGlobalSection
	GlobalSection(SolutionProperties) = preSolution
		HideSolutionNode = FALSE
	EndGlobalSection
	GlobalSection(ExtensibilityGlobals) = postSolution
		SolutionGuid = {34123879-F848-421A-AD47-68A0FF4B8873}
	EndGlobalSection
EndGlobal
